
Microsoft Visual Studio Solution File, Format Version 12.00
# Visual Studio 14
VisualStudioVersion = 14.0.25420.1
MinimumVisualStudioVersion = 10.0.40219.1
Project("{8BB2217D-0F2D-49D1-97BC-3654ED321F3B}") = "Coolector.Services.SignalR", "Coolector.Services.SignalR\Coolector.Services.Signalr.xproj", "{33256E16-C2B7-49D4-B3C7-972315ED11BC}"
EndProject
Project("{8BB2217D-0F2D-49D1-97BC-3654ED321F3B}") = "Coolector.Services.SignalR.Tests", "Coolector.Services.SignalR.Tests\Coolector.Services.SignalR.Tests.xproj", "{3CA972F9-9932-4EFD-802D-ADD72958B877}"
EndProject
Project("{8BB2217D-0F2D-49D1-97BC-3654ED321F3B}") = "Coolector.Services.SignalR.Tests.EndToEnd", "Coolector.Services.SignalR.Tests.EndToEnd\Coolector.Services.SignalR.Tests.EndToEnd.xproj", "{970F1835-4B70-4246-965D-D7C3690A2ED8}"
EndProject
Global
	GlobalSection(SolutionConfigurationPlatforms) = preSolution
		Debug|Any CPU = Debug|Any CPU
		Release|Any CPU = Release|Any CPU
	EndGlobalSection
	GlobalSection(ProjectConfigurationPlatforms) = postSolution
		{33256E16-C2B7-49D4-B3C7-972315ED11BC}.Debug|Any CPU.ActiveCfg = Debug|Any CPU
		{33256E16-C2B7-49D4-B3C7-972315ED11BC}.Debug|Any CPU.Build.0 = Debug|Any CPU
		{33256E16-C2B7-49D4-B3C7-972315ED11BC}.Release|Any CPU.ActiveCfg = Release|Any CPU
		{33256E16-C2B7-49D4-B3C7-972315ED11BC}.Release|Any CPU.Build.0 = Release|Any CPU
		{3CA972F9-9932-4EFD-802D-ADD72958B877}.Debug|Any CPU.ActiveCfg = Debug|Any CPU
		{3CA972F9-9932-4EFD-802D-ADD72958B877}.Debug|Any CPU.Build.0 = Debug|Any CPU
		{3CA972F9-9932-4EFD-802D-ADD72958B877}.Release|Any CPU.ActiveCfg = Release|Any CPU
		{3CA972F9-9932-4EFD-802D-ADD72958B877}.Release|Any CPU.Build.0 = Release|Any CPU
		{970F1835-4B70-4246-965D-D7C3690A2ED8}.Debug|Any CPU.ActiveCfg = Debug|Any CPU
		{970F1835-4B70-4246-965D-D7C3690A2ED8}.Debug|Any CPU.Build.0 = Debug|Any CPU
		{970F1835-4B70-4246-965D-D7C3690A2ED8}.Release|Any CPU.ActiveCfg = Release|Any CPU
		{970F1835-4B70-4246-965D-D7C3690A2ED8}.Release|Any CPU.Build.0 = Release|Any CPU
	EndGlobalSection
	GlobalSection(SolutionProperties) = preSolution
		HideSolutionNode = FALSE
	EndGlobalSection
EndGlobal
